%{
  "elixir_make": {:hex, :elixir_make, "0.6.3", "bc07d53221216838d79e03a8019d0839786703129599e9619f4ab74c8c096eac", [:mix], [], "hexpm", "f5cbd651c5678bcaabdbb7857658ee106b12509cd976c2c2fca99688e1daf716"},
  "nx": {:git, "https://github.com/elixir-nx/nx.git", "e90de80157e6fe5ce04726bc403f8bc2fd326a4e", [sparse: "nx"]},
  "torchx": {:git, "https://github.com/elixir-nx/nx.git", "e90de80157e6fe5ce04726bc403f8bc2fd326a4e", [sparse: "torchx"]},
}
